
Microsoft Visual Studio Solution File, Format Version 12.00
# Visual Studio Version 16
VisualStudioVersion = 16.0.29519.87
MinimumVisualStudioVersion = 10.0.40219.1
Project("{FAE04EC0-301F-11D3-BF4B-00C04F79EFBC}") = "task 1", "task 1\task 1.csproj", "{903E3D07-1C34-491A-B49B-3A6707EDEBA2}"
EndProject
Global
	GlobalSection(SolutionConfigurationPlatforms) = preSolution
		Debug|Any CPU = Debug|Any CPU
		Release|Any CPU = Release|Any CPU
	EndGlobalSection
	GlobalSection(ProjectConfigurationPlatforms) = postSolution
		{903E3D07-1C34-491A-B49B-3A6707EDEBA2}.Debug|Any CPU.ActiveCfg = Debug|Any CPU
		{903E3D07-1C34-491A-B49B-3A6707EDEBA2}.Debug|Any CPU.Build.0 = Debug|Any CPU
		{903E3D07-1C34-491A-B49B-3A6707EDEBA2}.Release|Any CPU.ActiveCfg = Release|Any CPU
		{903E3D07-1C34-491A-B49B-3A6707EDEBA2}.Release|Any CPU.Build.0 = Release|Any CPU
	EndGlobalSection
	GlobalSection(SolutionProperties) = preSolution
		HideSolutionNode = FALSE
	EndGlobalSection
	GlobalSection(ExtensibilityGlobals) = postSolution
		SolutionGuid = {3BD7B9E0-8B09-4A26-AE6D-19DABA4E20F1}
	EndGlobalSection
EndGlobal
