
Microsoft Visual Studio Solution File, Format Version 12.00
# Visual Studio Version 16
VisualStudioVersion = 16.0.29519.87
MinimumVisualStudioVersion = 10.0.40219.1
Project("{FAE04EC0-301F-11D3-BF4B-00C04F79EFBC}") = "task 1", "task 1\task 1.csproj", "{AAB54440-67E4-4FC8-87C9-0E3C15C9F976}"
EndProject
Global
	GlobalSection(SolutionConfigurationPlatforms) = preSolution
		Debug|Any CPU = Debug|Any CPU
		Release|Any CPU = Release|Any CPU
	EndGlobalSection
	GlobalSection(ProjectConfigurationPlatforms) = postSolution
		{AAB54440-67E4-4FC8-87C9-0E3C15C9F976}.Debug|Any CPU.ActiveCfg = Debug|Any CPU
		{AAB54440-67E4-4FC8-87C9-0E3C15C9F976}.Debug|Any CPU.Build.0 = Debug|Any CPU
		{AAB54440-67E4-4FC8-87C9-0E3C15C9F976}.Release|Any CPU.ActiveCfg = Release|Any CPU
		{AAB54440-67E4-4FC8-87C9-0E3C15C9F976}.Release|Any CPU.Build.0 = Release|Any CPU
	EndGlobalSection
	GlobalSection(SolutionProperties) = preSolution
		HideSolutionNode = FALSE
	EndGlobalSection
	GlobalSection(ExtensibilityGlobals) = postSolution
		SolutionGuid = {3C37031F-A467-4927-92B0-3C10229F6DED}
	EndGlobalSection
EndGlobal
