
Microsoft Visual Studio Solution File, Format Version 12.00
# Visual Studio Version 16
VisualStudioVersion = 16.0.29519.87
MinimumVisualStudioVersion = 10.0.40219.1
Project("{9A19103F-16F7-4668-BE54-9A1E7A4F7556}") = "task 1", "task 1\task 1.csproj", "{AECDF83A-A937-42AF-BD36-D682387DED0C}"
EndProject
Project("{9A19103F-16F7-4668-BE54-9A1E7A4F7556}") = "task 2", "task 2 test\task 2.csproj", "{4E48BA3D-539E-44A9-B898-97FF7843FBAF}"
EndProject
Global
	GlobalSection(SolutionConfigurationPlatforms) = preSolution
		Debug|Any CPU = Debug|Any CPU
		Release|Any CPU = Release|Any CPU
	EndGlobalSection
	GlobalSection(ProjectConfigurationPlatforms) = postSolution
		{AECDF83A-A937-42AF-BD36-D682387DED0C}.Debug|Any CPU.ActiveCfg = Debug|Any CPU
		{AECDF83A-A937-42AF-BD36-D682387DED0C}.Debug|Any CPU.Build.0 = Debug|Any CPU
		{AECDF83A-A937-42AF-BD36-D682387DED0C}.Release|Any CPU.ActiveCfg = Release|Any CPU
		{AECDF83A-A937-42AF-BD36-D682387DED0C}.Release|Any CPU.Build.0 = Release|Any CPU
		{4E48BA3D-539E-44A9-B898-97FF7843FBAF}.Debug|Any CPU.ActiveCfg = Debug|Any CPU
		{4E48BA3D-539E-44A9-B898-97FF7843FBAF}.Debug|Any CPU.Build.0 = Debug|Any CPU
		{4E48BA3D-539E-44A9-B898-97FF7843FBAF}.Release|Any CPU.ActiveCfg = Release|Any CPU
		{4E48BA3D-539E-44A9-B898-97FF7843FBAF}.Release|Any CPU.Build.0 = Release|Any CPU
	EndGlobalSection
	GlobalSection(SolutionProperties) = preSolution
		HideSolutionNode = FALSE
	EndGlobalSection
	GlobalSection(ExtensibilityGlobals) = postSolution
		SolutionGuid = {B8153046-1343-414B-ABCF-270E76B19047}
	EndGlobalSection
EndGlobal
